
Microsoft Visual Studio Solution File, Format Version 12.00
# Visual Studio Version 17
VisualStudioVersion = 17.0.31903.59
MinimumVisualStudioVersion = 10.0.40219.1
Project("{2150E333-8FDC-42A3-9474-1A3956D46DE8}") = "src", "src", "{827E0CD3-B72D-47B6-A68D-7590B98EB39B}"
EndProject
Project("{FAE04EC0-301F-11D3-BF4B-00C04F79EFBC}") = "Zenoh.Native", "src\Zenoh.Native\Zenoh.Native.csproj", "{802ECFFA-4DF2-4996-811D-AD7D8BB2D70E}"
EndProject
Project("{FAE04EC0-301F-11D3-BF4B-00C04F79EFBC}") = "Zenoh.Client", "src\Zenoh.Client\Zenoh.Client.csproj", "{8BE45466-2353-4D33-B484-1EB792AFBA2B}"
EndProject
Project("{FAE04EC0-301F-11D3-BF4B-00C04F79EFBC}") = "Zenoh.Unity", "src\Zenoh.Unity\Zenoh.Unity.csproj", "{91BDE589-FBD9-4F22-BE72-2C33F70BEC98}"
EndProject
Project("{2150E333-8FDC-42A3-9474-1A3956D46DE8}") = "tests", "tests", "{0AB3BF05-4346-4AA6-1389-037BE0695223}"
EndProject
Project("{FAE04EC0-301F-11D3-BF4B-00C04F79EFBC}") = "Zenoh.Native.Tests", "tests\Zenoh.Native.Tests\Zenoh.Native.Tests.csproj", "{EB40FA22-B7E4-4B9B-B9FC-30FF234C9177}"
EndProject
Project("{FAE04EC0-301F-11D3-BF4B-00C04F79EFBC}") = "Zenoh.Client.Tests", "tests\Zenoh.Client.Tests\Zenoh.Client.Tests.csproj", "{BE81EF17-D4E7-43B4-BDDC-A69DD217DB6F}"
EndProject
Project("{FAE04EC0-301F-11D3-BF4B-00C04F79EFBC}") = "Zenoh.Unity.Tests", "tests\Zenoh.Unity.Tests\Zenoh.Unity.Tests.csproj", "{6670BF3E-21C6-4B7B-BEE0-B9F1D2D3DB8A}"
EndProject
Global
	GlobalSection(SolutionConfigurationPlatforms) = preSolution
		Debug|Any CPU = Debug|Any CPU
		Debug|x64 = Debug|x64
		Debug|x86 = Debug|x86
		Release|Any CPU = Release|Any CPU
		Release|x64 = Release|x64
		Release|x86 = Release|x86
	EndGlobalSection
	GlobalSection(ProjectConfigurationPlatforms) = postSolution
		{802ECFFA-4DF2-4996-811D-AD7D8BB2D70E}.Debug|Any CPU.ActiveCfg = Debug|Any CPU
		{802ECFFA-4DF2-4996-811D-AD7D8BB2D70E}.Debug|Any CPU.Build.0 = Debug|Any CPU
		{802ECFFA-4DF2-4996-811D-AD7D8BB2D70E}.Debug|x64.ActiveCfg = Debug|Any CPU
		{802ECFFA-4DF2-4996-811D-AD7D8BB2D70E}.Debug|x64.Build.0 = Debug|Any CPU
		{802ECFFA-4DF2-4996-811D-AD7D8BB2D70E}.Debug|x86.ActiveCfg = Debug|Any CPU
		{802ECFFA-4DF2-4996-811D-AD7D8BB2D70E}.Debug|x86.Build.0 = Debug|Any CPU
		{802ECFFA-4DF2-4996-811D-AD7D8BB2D70E}.Release|Any CPU.ActiveCfg = Release|Any CPU
		{802ECFFA-4DF2-4996-811D-AD7D8BB2D70E}.Release|Any CPU.Build.0 = Release|Any CPU
		{802ECFFA-4DF2-4996-811D-AD7D8BB2D70E}.Release|x64.ActiveCfg = Release|Any CPU
		{802ECFFA-4DF2-4996-811D-AD7D8BB2D70E}.Release|x64.Build.0 = Release|Any CPU
		{802ECFFA-4DF2-4996-811D-AD7D8BB2D70E}.Release|x86.ActiveCfg = Release|Any CPU
		{802ECFFA-4DF2-4996-811D-AD7D8BB2D70E}.Release|x86.Build.0 = Release|Any CPU
		{8BE45466-2353-4D33-B484-1EB792AFBA2B}.Debug|Any CPU.ActiveCfg = Debug|Any CPU
		{8BE45466-2353-4D33-B484-1EB792AFBA2B}.Debug|Any CPU.Build.0 = Debug|Any CPU
		{8BE45466-2353-4D33-B484-1EB792AFBA2B}.Debug|x64.ActiveCfg = Debug|Any CPU
		{8BE45466-2353-4D33-B484-1EB792AFBA2B}.Debug|x64.Build.0 = Debug|Any CPU
		{8BE45466-2353-4D33-B484-1EB792AFBA2B}.Debug|x86.ActiveCfg = Debug|Any CPU
		{8BE45466-2353-4D33-B484-1EB792AFBA2B}.Debug|x86.Build.0 = Debug|Any CPU
		{8BE45466-2353-4D33-B484-1EB792AFBA2B}.Release|Any CPU.ActiveCfg = Release|Any CPU
		{8BE45466-2353-4D33-B484-1EB792AFBA2B}.Release|Any CPU.Build.0 = Release|Any CPU
		{8BE45466-2353-4D33-B484-1EB792AFBA2B}.Release|x64.ActiveCfg = Release|Any CPU
		{8BE45466-2353-4D33-B484-1EB792AFBA2B}.Release|x64.Build.0 = Release|Any CPU
		{8BE45466-2353-4D33-B484-1EB792AFBA2B}.Release|x86.ActiveCfg = Release|Any CPU
		{8BE45466-2353-4D33-B484-1EB792AFBA2B}.Release|x86.Build.0 = Release|Any CPU
		{91BDE589-FBD9-4F22-BE72-2C33F70BEC98}.Debug|Any CPU.ActiveCfg = Debug|Any CPU
		{91BDE589-FBD9-4F22-BE72-2C33F70BEC98}.Debug|Any CPU.Build.0 = Debug|Any CPU
		{91BDE589-FBD9-4F22-BE72-2C33F70BEC98}.Debug|x64.ActiveCfg = Debug|Any CPU
		{91BDE589-FBD9-4F22-BE72-2C33F70BEC98}.Debug|x64.Build.0 = Debug|Any CPU
		{91BDE589-FBD9-4F22-BE72-2C33F70BEC98}.Debug|x86.ActiveCfg = Debug|Any CPU
		{91BDE589-FBD9-4F22-BE72-2C33F70BEC98}.Debug|x86.Build.0 = Debug|Any CPU
		{91BDE589-FBD9-4F22-BE72-2C33F70BEC98}.Release|Any CPU.ActiveCfg = Release|Any CPU
		{91BDE589-FBD9-4F22-BE72-2C33F70BEC98}.Release|Any CPU.Build.0 = Release|Any CPU
		{91BDE589-FBD9-4F22-BE72-2C33F70BEC98}.Release|x64.ActiveCfg = Release|Any CPU
		{91BDE589-FBD9-4F22-BE72-2C33F70BEC98}.Release|x64.Build.0 = Release|Any CPU
		{91BDE589-FBD9-4F22-BE72-2C33F70BEC98}.Release|x86.ActiveCfg = Release|Any CPU
		{91BDE589-FBD9-4F22-BE72-2C33F70BEC98}.Release|x86.Build.0 = Release|Any CPU
		{EB40FA22-B7E4-4B9B-B9FC-30FF234C9177}.Debug|Any CPU.ActiveCfg = Debug|Any CPU
		{EB40FA22-B7E4-4B9B-B9FC-30FF234C9177}.Debug|Any CPU.Build.0 = Debug|Any CPU
		{EB40FA22-B7E4-4B9B-B9FC-30FF234C9177}.Debug|x64.ActiveCfg = Debug|Any CPU
		{EB40FA22-B7E4-4B9B-B9FC-30FF234C9177}.Debug|x64.Build.0 = Debug|Any CPU
		{EB40FA22-B7E4-4B9B-B9FC-30FF234C9177}.Debug|x86.ActiveCfg = Debug|Any CPU
		{EB40FA22-B7E4-4B9B-B9FC-30FF234C9177}.Debug|x86.Build.0 = Debug|Any CPU
		{EB40FA22-B7E4-4B9B-B9FC-30FF234C9177}.Release|Any CPU.ActiveCfg = Release|Any CPU
		{EB40FA22-B7E4-4B9B-B9FC-30FF234C9177}.Release|Any CPU.Build.0 = Release|Any CPU
		{EB40FA22-B7E4-4B9B-B9FC-30FF234C9177}.Release|x64.ActiveCfg = Release|Any CPU
		{EB40FA22-B7E4-4B9B-B9FC-30FF234C9177}.Release|x64.Build.0 = Release|Any CPU
		{EB40FA22-B7E4-4B9B-B9FC-30FF234C9177}.Release|x86.ActiveCfg = Release|Any CPU
		{EB40FA22-B7E4-4B9B-B9FC-30FF234C9177}.Release|x86.Build.0 = Release|Any CPU
		{BE81EF17-D4E7-43B4-BDDC-A69DD217DB6F}.Debug|Any CPU.ActiveCfg = Debug|Any CPU
		{BE81EF17-D4E7-43B4-BDDC-A69DD217DB6F}.Debug|Any CPU.Build.0 = Debug|Any CPU
		{BE81EF17-D4E7-43B4-BDDC-A69DD217DB6F}.Debug|x64.ActiveCfg = Debug|Any CPU
		{BE81EF17-D4E7-43B4-BDDC-A69DD217DB6F}.Debug|x64.Build.0 = Debug|Any CPU
		{BE81EF17-D4E7-43B4-BDDC-A69DD217DB6F}.Debug|x86.ActiveCfg = Debug|Any CPU
		{BE81EF17-D4E7-43B4-BDDC-A69DD217DB6F}.Debug|x86.Build.0 = Debug|Any CPU
		{BE81EF17-D4E7-43B4-BDDC-A69DD217DB6F}.Release|Any CPU.ActiveCfg = Release|Any CPU
		{BE81EF17-D4E7-43B4-BDDC-A69DD217DB6F}.Release|Any CPU.Build.0 = Release|Any CPU
		{BE81EF17-D4E7-43B4-BDDC-A69DD217DB6F}.Release|x64.ActiveCfg = Release|Any CPU
		{BE81EF17-D4E7-43B4-BDDC-A69DD217DB6F}.Release|x64.Build.0 = Release|Any CPU
		{BE81EF17-D4E7-43B4-BDDC-A69DD217DB6F}.Release|x86.ActiveCfg = Release|Any CPU
		{BE81EF17-D4E7-43B4-BDDC-A69DD217DB6F}.Release|x86.Build.0 = Release|Any CPU
		{6670BF3E-21C6-4B7B-BEE0-B9F1D2D3DB8A}.Debug|Any CPU.ActiveCfg = Debug|Any CPU
		{6670BF3E-21C6-4B7B-BEE0-B9F1D2D3DB8A}.Debug|Any CPU.Build.0 = Debug|Any CPU
		{6670BF3E-21C6-4B7B-BEE0-B9F1D2D3DB8A}.Debug|x64.ActiveCfg = Debug|Any CPU
		{6670BF3E-21C6-4B7B-BEE0-B9F1D2D3DB8A}.Debug|x64.Build.0 = Debug|Any CPU
		{6670BF3E-21C6-4B7B-BEE0-B9F1D2D3DB8A}.Debug|x86.ActiveCfg = Debug|Any CPU
		{6670BF3E-21C6-4B7B-BEE0-B9F1D2D3DB8A}.Debug|x86.Build.0 = Debug|Any CPU
		{6670BF3E-21C6-4B7B-BEE0-B9F1D2D3DB8A}.Release|Any CPU.ActiveCfg = Release|Any CPU
		{6670BF3E-21C6-4B7B-BEE0-B9F1D2D3DB8A}.Release|Any CPU.Build.0 = Release|Any CPU
		{6670BF3E-21C6-4B7B-BEE0-B9F1D2D3DB8A}.Release|x64.ActiveCfg = Release|Any CPU
		{6670BF3E-21C6-4B7B-BEE0-B9F1D2D3DB8A}.Release|x64.Build.0 = Release|Any CPU
		{6670BF3E-21C6-4B7B-BEE0-B9F1D2D3DB8A}.Release|x86.ActiveCfg = Release|Any CPU
		{6670BF3E-21C6-4B7B-BEE0-B9F1D2D3DB8A}.Release|x86.Build.0 = Release|Any CPU
	EndGlobalSection
	GlobalSection(SolutionProperties) = preSolution
		HideSolutionNode = FALSE
	EndGlobalSection
	GlobalSection(NestedProjects) = preSolution
		{802ECFFA-4DF2-4996-811D-AD7D8BB2D70E} = {827E0CD3-B72D-47B6-A68D-7590B98EB39B}
		{8BE45466-2353-4D33-B484-1EB792AFBA2B} = {827E0CD3-B72D-47B6-A68D-7590B98EB39B}
		{91BDE589-FBD9-4F22-BE72-2C33F70BEC98} = {827E0CD3-B72D-47B6-A68D-7590B98EB39B}
		{EB40FA22-B7E4-4B9B-B9FC-30FF234C9177} = {0AB3BF05-4346-4AA6-1389-037BE0695223}
		{BE81EF17-D4E7-43B4-BDDC-A69DD217DB6F} = {0AB3BF05-4346-4AA6-1389-037BE0695223}
		{6670BF3E-21C6-4B7B-BEE0-B9F1D2D3DB8A} = {0AB3BF05-4346-4AA6-1389-037BE0695223}
	EndGlobalSection
EndGlobal
